
Microsoft Visual Studio Solution File, Format Version 12.00
# Visual Studio Version 16
VisualStudioVersion = 16.0.31112.23
MinimumVisualStudioVersion = 10.0.40219.1
Project("{FAE04EC0-301F-11D3-BF4B-00C04F79EFBC}") = "DZ-10-classes-1", "DZ-10-classes-1\DZ-10-classes-1.csproj", "{751826AF-237A-46DD-926B-1F82DA176810}"
EndProject
Global
	GlobalSection(SolutionConfigurationPlatforms) = preSolution
		Debug|Any CPU = Debug|Any CPU
		Release|Any CPU = Release|Any CPU
	EndGlobalSection
	GlobalSection(ProjectConfigurationPlatforms) = postSolution
		{751826AF-237A-46DD-926B-1F82DA176810}.Debug|Any CPU.ActiveCfg = Debug|Any CPU
		{751826AF-237A-46DD-926B-1F82DA176810}.Debug|Any CPU.Build.0 = Debug|Any CPU
		{751826AF-237A-46DD-926B-1F82DA176810}.Release|Any CPU.ActiveCfg = Release|Any CPU
		{751826AF-237A-46DD-926B-1F82DA176810}.Release|Any CPU.Build.0 = Release|Any CPU
	EndGlobalSection
	GlobalSection(SolutionProperties) = preSolution
		HideSolutionNode = FALSE
	EndGlobalSection
	GlobalSection(ExtensibilityGlobals) = postSolution
		SolutionGuid = {FA35BCDC-4934-4E01-80FB-0CC385D2DB7D}
	EndGlobalSection
EndGlobal
